
Microsoft Visual Studio Solution File, Format Version 12.00
# Visual Studio 15
VisualStudioVersion = 15.0.28307.421
MinimumVisualStudioVersion = 10.0.40219.1
Project("{2150E333-8FDC-42A3-9474-1A3956D46DE8}") = "Domain", "Domain", "{3F11AC1E-412B-4D99-84C7-98D81F4E9D6B}"
EndProject
Project("{9A19103F-16F7-4668-BE54-9A1E7A4F7556}") = "Medico.Domain", "Domain\Medico.Domain\Medico.Domain.csproj", "{40AB7421-4870-499C-89FD-2CDC0DBA7D19}"
EndProject
Project("{2150E333-8FDC-42A3-9474-1A3956D46DE8}") = "Infrastructure", "Infrastructure", "{FB1EFF11-90B2-40CA-8A04-79C74283E249}"
EndProject
Project("{2150E333-8FDC-42A3-9474-1A3956D46DE8}") = "Data", "Data", "{3CDF3AAA-7749-48FE-AD76-40B144B87ECC}"
EndProject
Project("{9A19103F-16F7-4668-BE54-9A1E7A4F7556}") = "Medico.Data", "Infrastructure\Data\Medico.Data\Medico.Data.csproj", "{65A233F5-EDD4-4A2E-ADC1-45A8CA233ADE}"
EndProject
Project("{2150E333-8FDC-42A3-9474-1A3956D46DE8}") = "Services", "Services", "{AD9246DF-8E07-4DB6-BBE8-AC3C544DCB5D}"
EndProject
Project("{2150E333-8FDC-42A3-9474-1A3956D46DE8}") = "Application", "Application", "{DD24E1DE-D9C2-45CB-9904-2057B76A4518}"
EndProject
Project("{9A19103F-16F7-4668-BE54-9A1E7A4F7556}") = "Medico.Application", "Application\Medico.Application\Medico.Application.csproj", "{8FD2E5C8-9869-49CE-89D3-4A00E0EC39CD}"
EndProject
Project("{2150E333-8FDC-42A3-9474-1A3956D46DE8}") = "CrossCutting", "CrossCutting", "{51E3AE52-F757-4329-8297-B787C18106D4}"
EndProject
Project("{9A19103F-16F7-4668-BE54-9A1E7A4F7556}") = "Medico.Identity", "CrossCutting\Medico.Identity\Medico.Identity.csproj", "{BBB0F7C7-A242-424F-AA98-6E5226EC31D8}"
EndProject
Project("{9A19103F-16F7-4668-BE54-9A1E7A4F7556}") = "Medico.IoC", "CrossCutting\Medico.IoC\Medico.IoC.csproj", "{5F42527D-0E5C-4150-A824-FD57FFE8EB83}"
EndProject
Project("{9A19103F-16F7-4668-BE54-9A1E7A4F7556}") = "Medico.Api", "Services\Medico.Api\Medico.Api.csproj", "{28D276FA-7DB0-4FB3-9D64-508A3C1BA970}"
EndProject
Project("{2150E333-8FDC-42A3-9474-1A3956D46DE8}") = "Tests", "Tests", "{661C88E9-EA0E-4E0F-8F0D-E3812352EDBB}"
EndProject
Project("{FAE04EC0-301F-11D3-BF4B-00C04F79EFBC}") = "Medico.ApplicationTest", "Tests\Medico.ApplicationTest\Medico.ApplicationTest.csproj", "{314C8A93-8F43-4BC2-BECE-88866264D994}"
EndProject
Global
	GlobalSection(SolutionConfigurationPlatforms) = preSolution
		Debug|Any CPU = Debug|Any CPU
		Release|Any CPU = Release|Any CPU
	EndGlobalSection
	GlobalSection(ProjectConfigurationPlatforms) = postSolution
		{40AB7421-4870-499C-89FD-2CDC0DBA7D19}.Debug|Any CPU.ActiveCfg = Debug|Any CPU
		{40AB7421-4870-499C-89FD-2CDC0DBA7D19}.Debug|Any CPU.Build.0 = Debug|Any CPU
		{40AB7421-4870-499C-89FD-2CDC0DBA7D19}.Release|Any CPU.ActiveCfg = Release|Any CPU
		{40AB7421-4870-499C-89FD-2CDC0DBA7D19}.Release|Any CPU.Build.0 = Release|Any CPU
		{65A233F5-EDD4-4A2E-ADC1-45A8CA233ADE}.Debug|Any CPU.ActiveCfg = Debug|Any CPU
		{65A233F5-EDD4-4A2E-ADC1-45A8CA233ADE}.Debug|Any CPU.Build.0 = Debug|Any CPU
		{65A233F5-EDD4-4A2E-ADC1-45A8CA233ADE}.Release|Any CPU.ActiveCfg = Release|Any CPU
		{65A233F5-EDD4-4A2E-ADC1-45A8CA233ADE}.Release|Any CPU.Build.0 = Release|Any CPU
		{8FD2E5C8-9869-49CE-89D3-4A00E0EC39CD}.Debug|Any CPU.ActiveCfg = Debug|Any CPU
		{8FD2E5C8-9869-49CE-89D3-4A00E0EC39CD}.Debug|Any CPU.Build.0 = Debug|Any CPU
		{8FD2E5C8-9869-49CE-89D3-4A00E0EC39CD}.Release|Any CPU.ActiveCfg = Release|Any CPU
		{8FD2E5C8-9869-49CE-89D3-4A00E0EC39CD}.Release|Any CPU.Build.0 = Release|Any CPU
		{BBB0F7C7-A242-424F-AA98-6E5226EC31D8}.Debug|Any CPU.ActiveCfg = Debug|Any CPU
		{BBB0F7C7-A242-424F-AA98-6E5226EC31D8}.Debug|Any CPU.Build.0 = Debug|Any CPU
		{BBB0F7C7-A242-424F-AA98-6E5226EC31D8}.Release|Any CPU.ActiveCfg = Release|Any CPU
		{BBB0F7C7-A242-424F-AA98-6E5226EC31D8}.Release|Any CPU.Build.0 = Release|Any CPU
		{5F42527D-0E5C-4150-A824-FD57FFE8EB83}.Debug|Any CPU.ActiveCfg = Debug|Any CPU
		{5F42527D-0E5C-4150-A824-FD57FFE8EB83}.Debug|Any CPU.Build.0 = Debug|Any CPU
		{5F42527D-0E5C-4150-A824-FD57FFE8EB83}.Release|Any CPU.ActiveCfg = Release|Any CPU
		{5F42527D-0E5C-4150-A824-FD57FFE8EB83}.Release|Any CPU.Build.0 = Release|Any CPU
		{28D276FA-7DB0-4FB3-9D64-508A3C1BA970}.Debug|Any CPU.ActiveCfg = Debug|Any CPU
		{28D276FA-7DB0-4FB3-9D64-508A3C1BA970}.Debug|Any CPU.Build.0 = Debug|Any CPU
		{28D276FA-7DB0-4FB3-9D64-508A3C1BA970}.Release|Any CPU.ActiveCfg = Release|Any CPU
		{28D276FA-7DB0-4FB3-9D64-508A3C1BA970}.Release|Any CPU.Build.0 = Release|Any CPU
		{314C8A93-8F43-4BC2-BECE-88866264D994}.Debug|Any CPU.ActiveCfg = Debug|Any CPU
		{314C8A93-8F43-4BC2-BECE-88866264D994}.Debug|Any CPU.Build.0 = Debug|Any CPU
		{314C8A93-8F43-4BC2-BECE-88866264D994}.Release|Any CPU.ActiveCfg = Release|Any CPU
		{314C8A93-8F43-4BC2-BECE-88866264D994}.Release|Any CPU.Build.0 = Release|Any CPU
	EndGlobalSection
	GlobalSection(SolutionProperties) = preSolution
		HideSolutionNode = FALSE
	EndGlobalSection
	GlobalSection(NestedProjects) = preSolution
		{40AB7421-4870-499C-89FD-2CDC0DBA7D19} = {3F11AC1E-412B-4D99-84C7-98D81F4E9D6B}
		{3CDF3AAA-7749-48FE-AD76-40B144B87ECC} = {FB1EFF11-90B2-40CA-8A04-79C74283E249}
		{65A233F5-EDD4-4A2E-ADC1-45A8CA233ADE} = {3CDF3AAA-7749-48FE-AD76-40B144B87ECC}
		{8FD2E5C8-9869-49CE-89D3-4A00E0EC39CD} = {DD24E1DE-D9C2-45CB-9904-2057B76A4518}
		{51E3AE52-F757-4329-8297-B787C18106D4} = {FB1EFF11-90B2-40CA-8A04-79C74283E249}
		{BBB0F7C7-A242-424F-AA98-6E5226EC31D8} = {51E3AE52-F757-4329-8297-B787C18106D4}
		{5F42527D-0E5C-4150-A824-FD57FFE8EB83} = {51E3AE52-F757-4329-8297-B787C18106D4}
		{28D276FA-7DB0-4FB3-9D64-508A3C1BA970} = {AD9246DF-8E07-4DB6-BBE8-AC3C544DCB5D}
		{314C8A93-8F43-4BC2-BECE-88866264D994} = {661C88E9-EA0E-4E0F-8F0D-E3812352EDBB}
	EndGlobalSection
	GlobalSection(ExtensibilityGlobals) = postSolution
		SolutionGuid = {5AED7054-B67E-4E1C-B405-9578BEE9E02A}
	EndGlobalSection
EndGlobal
